
Microsoft Visual Studio Solution File, Format Version 12.00
# Visual Studio Version 16
VisualStudioVersion = 16.0.30011.22
MinimumVisualStudioVersion = 10.0.40219.1
Project("{9A19103F-16F7-4668-BE54-9A1E7A4F7556}") = "Gateway", "Gateway\Gateway.csproj", "{9FC588F9-310B-4CEC-AD02-BF9158E41814}"
EndProject
Project("{FAE04EC0-301F-11D3-BF4B-00C04F79EFBC}") = "Topics", "Topics\Topics.csproj", "{0F3AA4B4-F7A9-45DA-B1A3-1D2EEF3CF1D7}"
EndProject
Global
	GlobalSection(SolutionConfigurationPlatforms) = preSolution
		Debug|Any CPU = Debug|Any CPU
		Release|Any CPU = Release|Any CPU
	EndGlobalSection
	GlobalSection(ProjectConfigurationPlatforms) = postSolution
		{9FC588F9-310B-4CEC-AD02-BF9158E41814}.Debug|Any CPU.ActiveCfg = Debug|Any CPU
		{9FC588F9-310B-4CEC-AD02-BF9158E41814}.Debug|Any CPU.Build.0 = Debug|Any CPU
		{9FC588F9-310B-4CEC-AD02-BF9158E41814}.Release|Any CPU.ActiveCfg = Release|Any CPU
		{9FC588F9-310B-4CEC-AD02-BF9158E41814}.Release|Any CPU.Build.0 = Release|Any CPU
		{0F3AA4B4-F7A9-45DA-B1A3-1D2EEF3CF1D7}.Debug|Any CPU.ActiveCfg = Debug|Any CPU
		{0F3AA4B4-F7A9-45DA-B1A3-1D2EEF3CF1D7}.Debug|Any CPU.Build.0 = Debug|Any CPU
		{0F3AA4B4-F7A9-45DA-B1A3-1D2EEF3CF1D7}.Release|Any CPU.ActiveCfg = Release|Any CPU
		{0F3AA4B4-F7A9-45DA-B1A3-1D2EEF3CF1D7}.Release|Any CPU.Build.0 = Release|Any CPU
	EndGlobalSection
	GlobalSection(SolutionProperties) = preSolution
		HideSolutionNode = FALSE
	EndGlobalSection
	GlobalSection(ExtensibilityGlobals) = postSolution
		SolutionGuid = {150B465D-FDF8-4148-9518-E3AE55AAE871}
	EndGlobalSection
EndGlobal
