
Microsoft Visual Studio Solution File, Format Version 12.00
# Visual Studio Version 16
VisualStudioVersion = 16.0.30011.22
MinimumVisualStudioVersion = 10.0.40219.1
Project("{FAE04EC0-301F-11D3-BF4B-00C04F79EFBC}") = "jkhService", "jkhService.csproj", "{D5AC6DA3-D65D-4F14-875F-50F2BE46B9DE}"
EndProject
Global
	GlobalSection(SolutionConfigurationPlatforms) = preSolution
		Debug|Any CPU = Debug|Any CPU
		Release|Any CPU = Release|Any CPU
	EndGlobalSection
	GlobalSection(ProjectConfigurationPlatforms) = postSolution
		{D5AC6DA3-D65D-4F14-875F-50F2BE46B9DE}.Debug|Any CPU.ActiveCfg = Debug|Any CPU
		{D5AC6DA3-D65D-4F14-875F-50F2BE46B9DE}.Debug|Any CPU.Build.0 = Debug|Any CPU
		{D5AC6DA3-D65D-4F14-875F-50F2BE46B9DE}.Release|Any CPU.ActiveCfg = Release|Any CPU
		{D5AC6DA3-D65D-4F14-875F-50F2BE46B9DE}.Release|Any CPU.Build.0 = Release|Any CPU
	EndGlobalSection
	GlobalSection(SolutionProperties) = preSolution
		HideSolutionNode = FALSE
	EndGlobalSection
	GlobalSection(ExtensibilityGlobals) = postSolution
		SolutionGuid = {150B465D-FDF8-4148-9518-E3AE55AAE871}
	EndGlobalSection
EndGlobal
